{
  "version": 1,
  "dependencies": {
    "net7.0": {
      "coverlet.collector": {
        "type": "Direct",
        "requested": "[3.2.0, )",
        "resolved": "3.2.0",
        "contentHash": "xjY8xBigSeWIYs4I7DgUHqSNoGqnHi7Fv7/7RZD02rvZyG3hlsjnQKiVKVWKgr9kRKgmV+dEfu8KScvysiC0Wg=="
      },
      "Microsoft.Extensions.DependencyInjection": {
        "type": "Direct",
        "requested": "[7.0.0, )",
        "resolved": "7.0.0",
        "contentHash": "elNeOmkeX3eDVG6pYVeV82p29hr+UKDaBhrZyWvWLw/EVZSYEkZlQdkp0V39k/Xehs2Qa0mvoCvkVj3eQxNQ1Q==",
        "dependencies": {
          "Microsoft.Extensions.DependencyInjection.Abstractions": "7.0.0"
        }
      },
      "Microsoft.NET.Test.Sdk": {
        "type": "Direct",
        "requested": "[17.4.0, )",
        "resolved": "17.4.0",
        "contentHash": "VtNZQ83ntG2aEUjy1gq6B4HNdn96se6FmdY/03At8WiqDReGrApm6OB2fNiSHz9D6IIEtWtNZ2FSH0RJDVXl/w==",
        "dependencies": {
          "Microsoft.CodeCoverage": "17.4.0",
          "Microsoft.TestPlatform.TestHost": "17.4.0"
        }
      },
      "Moq": {
        "type": "Direct",
        "requested": "[4.18.2, )",
        "resolved": "4.18.2",
        "contentHash": "SjxKYS5nX6prcaT8ZjbkONh3vnh0Rxru09+gQ1a07v4TM530Oe/jq3Q4dOZPfo1wq0LYmTgLOZKrqRfEx4auPw==",
        "dependencies": {
          "Castle.Core": "5.1.0"
        }
      },
      "NUnit": {
        "type": "Direct",
        "requested": "[3.13.3, )",
        "resolved": "3.13.3",
        "contentHash": "KNPDpls6EfHwC3+nnA67fh5wpxeLb3VLFAfLxrug6JMYDLHH6InaQIWR7Sc3y75d/9IKzMksH/gi08W7XWbmnQ==",
        "dependencies": {
          "NETStandard.Library": "2.0.0"
        }
      },
      "NUnit.Analyzers": {
        "type": "Direct",
        "requested": "[3.5.0, )",
        "resolved": "3.5.0",
        "contentHash": "uvYCAqtZrY9RZc1ErVREvcYr828uy4RmTZYfMPN5FrahvJp/b2+QEgsJISzU3cbxLc9IBBlEOBa9d4t6ejFM2Q=="
      },
      "NUnit3TestAdapter": {
        "type": "Direct",
        "requested": "[4.3.1, )",
        "resolved": "4.3.1",
        "contentHash": "R+bGFtsUpLWywjT1nb3xMmoVa2AIw6ClIGC+XjW9lYE8hwJeos+NdR/mtg4RXbBphmC9epALrnUc6MM7mUG8+Q=="
      },
      "Castle.Core": {
        "type": "Transitive",
        "resolved": "5.1.0",
        "contentHash": "31UJpTHOiWq95CDOHazE3Ub/hE/PydNWsJMwnEVTqFFP4WhAugwpaVGxzOxKgNeSUUeqS2W6lxV+q7u1pAOfXg==",
        "dependencies": {
          "System.Diagnostics.EventLog": "6.0.0"
        }
      },
      "HFM.Client": {
        "type": "Transitive",
        "resolved": "0.6.0",
        "contentHash": "RzE+hO4p8vQwLU+Ho6BImX1UMxjQNVEOG1C1V3VdJ2P7Is8Gsb++Ih7gCwxzKEE3IbHn33xpfIW1YCACXhS4EA==",
        "dependencies": {
          "Newtonsoft.Json": "11.0.1"
        }
      },
      "HFM.Log": {
        "type": "Transitive",
        "resolved": "0.4.0",
        "contentHash": "Lb0QT05Bu8PctDeMZ6yQPtSn4HLyZG/FQf1mCfAMPFa2N07dRWDRfhFFdQlF7+soX+yyChdDqXWSsIrsy6he/g=="
      },
      "HFM.Proteins": {
        "type": "Transitive",
        "resolved": "0.3.0",
        "contentHash": "RSr0vRdqll00U2u0EeKCERah9IRb/+wZGONJVSzu7PtLEhD4Bf9+2IK0y+OmEYcVTseJneT+jgHg5cLJK3KRBQ==",
        "dependencies": {
          "Newtonsoft.Json": "11.0.1"
        }
      },
      "Microsoft.CodeCoverage": {
        "type": "Transitive",
        "resolved": "17.4.0",
        "contentHash": "2oZbSVTC2nAvQ2DnbXLlXS+c25ZyZdWeNd+znWwAxwGaPh9dwQ5NBsYyqQB7sKmJKIUdkKGmN3rzFzjVC81Dtg=="
      },
      "Microsoft.Extensions.DependencyInjection.Abstractions": {
        "type": "Transitive",
        "resolved": "7.0.0",
        "contentHash": "h3j/QfmFN4S0w4C2A6X7arXij/M/OVw3uQHSOFxnND4DyAzO1F9eMX7Eti7lU/OkSthEE0WzRsfT/Dmx86jzCw=="
      },
      "Microsoft.NETCore.Platforms": {
        "type": "Transitive",
        "resolved": "1.1.0",
        "contentHash": "kz0PEW2lhqygehI/d6XsPCQzD7ff7gUJaVGPVETX611eadGsA3A877GdSlU0LRVMCTH/+P3o2iDTak+S08V2+A=="
      },
      "Microsoft.TestPlatform.ObjectModel": {
        "type": "Transitive",
        "resolved": "17.4.0",
        "contentHash": "oWe7A0wrZhxagTOcaxJ9r0NXTbgkiBQQuCpCXxnP06NsGV/qOoaY2oaangAJbOUrwEx0eka1do400NwNCjfytw==",
        "dependencies": {
          "NuGet.Frameworks": "5.11.0",
          "System.Reflection.Metadata": "1.6.0"
        }
      },
      "Microsoft.TestPlatform.TestHost": {
        "type": "Transitive",
        "resolved": "17.4.0",
        "contentHash": "sUx48fu9wgQF1JxzXeSVtzb7KoKpJrdtIzsFamxET3ZYOKXj+Ej13HWZ0U2nuMVZtZVHBmE+KS3Vv5cIdTlycQ==",
        "dependencies": {
          "Microsoft.TestPlatform.ObjectModel": "17.4.0",
          "Newtonsoft.Json": "13.0.1"
        }
      },
      "NETStandard.Library": {
        "type": "Transitive",
        "resolved": "2.0.0",
        "contentHash": "7jnbRU+L08FXKMxqUflxEXtVymWvNOrS8yHgu9s6EM8Anr6T/wIX4nZ08j/u3Asz+tCufp3YVwFSEvFTPYmBPA==",
        "dependencies": {
          "Microsoft.NETCore.Platforms": "1.1.0"
        }
      },
      "Newtonsoft.Json": {
        "type": "Transitive",
        "resolved": "13.0.1",
        "contentHash": "ppPFpBcvxdsfUonNcvITKqLl3bqxWbDCZIzDWHzjpdAHRFfZe0Dw9HmA0+za13IdyrgJwpkDTDA9fHaxOrt20A=="
      },
      "NuGet.Frameworks": {
        "type": "Transitive",
        "resolved": "5.11.0",
        "contentHash": "eaiXkUjC4NPcquGWzAGMXjuxvLwc6XGKMptSyOGQeT0X70BUZObuybJFZLA0OfTdueLd3US23NBPTBb6iF3V1Q=="
      },
      "protobuf-net": {
        "type": "Transitive",
        "resolved": "3.1.25",
        "contentHash": "vej8g3+5KpwuwA20xoOMJK9nUM/hr7maSu56pIqItmX28JbXF0co1/pD6Mg84+mhLYRQpKiSlOxIDvtaYojKWA==",
        "dependencies": {
          "protobuf-net.Core": "3.1.25"
        }
      },
      "protobuf-net.Core": {
        "type": "Transitive",
        "resolved": "3.1.25",
        "contentHash": "LqDpeU+rbzO/uD2iYUBIGCgaeCBrxwmCDGVmUNZ67yShrGLlLJHwFMcDsGZUCxE2iHdRJawMUkTfs3HYIXiqWg=="
      },
      "System.Diagnostics.EventLog": {
        "type": "Transitive",
        "resolved": "6.0.0",
        "contentHash": "lcyUiXTsETK2ALsZrX+nWuHSIQeazhqPphLfaRxzdGaG93+0kELqpgEHtwWOlQe7+jSFnKwaCAgL4kjeZCQJnw=="
      },
      "System.Reflection.Metadata": {
        "type": "Transitive",
        "resolved": "1.6.0",
        "contentHash": "COC1aiAJjCoA5GBF+QKL2uLqEBew4JsCkQmoHKbN3TlOZKa2fKLz5CpiRQKDz0RsAOEGsVKqOD5bomsXq/4STQ=="
      },
      "hfm.core": {
        "type": "Project",
        "dependencies": {
          "HFM.Client": "[0.6.0, )",
          "HFM.Log": "[0.4.0, )",
          "HFM.Preferences": "[1.0.0, )",
          "HFM.Proteins": "[0.3.0, )",
          "Microsoft.Extensions.DependencyInjection.Abstractions": "[7.0.0, )",
          "protobuf-net": "[3.1.25, )"
        }
      },
      "hfm.preferences": {
        "type": "Project"
      }
    }
  }
}