{
  "version": 1,
  "dependencies": {
    "net7.0": {
      "HFM.Client": {
        "type": "Direct",
        "requested": "[0.6.0, )",
        "resolved": "0.6.0",
        "contentHash": "RzE+hO4p8vQwLU+Ho6BImX1UMxjQNVEOG1C1V3VdJ2P7Is8Gsb++Ih7gCwxzKEE3IbHn33xpfIW1YCACXhS4EA==",
        "dependencies": {
          "Newtonsoft.Json": "11.0.1"
        }
      },
      "Microsoft.Extensions.DependencyInjection.Abstractions": {
        "type": "Direct",
        "requested": "[7.0.0, )",
        "resolved": "7.0.0",
        "contentHash": "h3j/QfmFN4S0w4C2A6X7arXij/M/OVw3uQHSOFxnND4DyAzO1F9eMX7Eti7lU/OkSthEE0WzRsfT/Dmx86jzCw=="
      },
      "protobuf-net": {
        "type": "Direct",
        "requested": "[3.1.25, )",
        "resolved": "3.1.25",
        "contentHash": "vej8g3+5KpwuwA20xoOMJK9nUM/hr7maSu56pIqItmX28JbXF0co1/pD6Mg84+mhLYRQpKiSlOxIDvtaYojKWA==",
        "dependencies": {
          "protobuf-net.Core": "3.1.25"
        }
      },
      "Newtonsoft.Json": {
        "type": "Transitive",
        "resolved": "11.0.1",
        "contentHash": "pNN4l+J6LlpIvHOeNdXlwxv39NPJ2B5klz+Rd2UQZIx30Squ5oND1Yy3wEAUoKn0GPUj6Yxt9lxlYWQqfZcvKg=="
      },
      "protobuf-net.Core": {
        "type": "Transitive",
        "resolved": "3.1.25",
        "contentHash": "LqDpeU+rbzO/uD2iYUBIGCgaeCBrxwmCDGVmUNZ67yShrGLlLJHwFMcDsGZUCxE2iHdRJawMUkTfs3HYIXiqWg=="
      },
      "hfm.preferences": {
        "type": "Project"
      }
    }
  }
}